// !$*UTF8*$!
{
	archiveVersion = 1;
	classes = {
	};
	objectVersion = 50;
	objects = {

/* Begin PBXBuildFile section */
		B9094A0221BFAA1A00FA8AC6 /* AppDelegate.swift in Sources */ = {isa = PBXBuildFile; fileRef = B9094A0121BFAA1A00FA8AC6 /* AppDelegate.swift */; };
		B9094A0421BFAA1A00FA8AC6 /* ViewController.swift in Sources */ = {isa = PBXBuildFile; fileRef = B9094A0321BFAA1A00FA8AC6 /* ViewController.swift */; };
		B9094A0721BFAA1A00FA8AC6 /* Main.storyboard in Resources */ = {isa = PBXBuildFile; fileRef = B9094A0521BFAA1A00FA8AC6 /* Main.storyboard */; };
		B9094A0921BFAA1C00FA8AC6 /* Assets.xcassets in Resources */ = {isa = PBXBuildFile; fileRef = B9094A0821BFAA1C00FA8AC6 /* Assets.xcassets */; };
		B9094A0C21BFAA1C00FA8AC6 /* LaunchScreen.storyboard in Resources */ = {isa = PBXBuildFile; fileRef = B9094A0A21BFAA1C00FA8AC6 /* LaunchScreen.storyboard */; };
		B9094A1421BFAA8E00FA8AC6 /* DateExtension.swift in Sources */ = {isa = PBXBuildFile; fileRef = B9094A1321BFAA8E00FA8AC6 /* DateExtension.swift */; };
/* End PBXBuildFile section */

/* Begin PBXFileReference section */
		B90949FE21BFAA1A00FA8AC6 /* TimeZoneWork.app */ = {isa = PBXFileReference; explicitFileType = wrapper.application; includeInIndex = 0; path = TimeZoneWork.app; sourceTree = BUILT_PRODUCTS_DIR; };
		B9094A0121BFAA1A00FA8AC6 /* AppDelegate.swift */ = {isa = PBXFileReference; lastKnownFileType = sourcecode.swift; path = AppDelegate.swift; sourceTree = "<group>"; };
		B9094A0321BFAA1A00FA8AC6 /* ViewController.swift */ = {isa = PBXFileReference; lastKnownFileType = sourcecode.swift; path = ViewController.swift; sourceTree = "<group>"; };
		B9094A0621BFAA1A00FA8AC6 /* Base */ = {isa = PBXFileReference; lastKnownFileType = file.storyboard; name = Base; path = Base.lproj/Main.storyboard; sourceTree = "<group>"; };
		B9094A0821BFAA1C00FA8AC6 /* Assets.xcassets */ = {isa = PBXFileReference; lastKnownFileType = folder.assetcatalog; path = Assets.xcassets; sourceTree = "<group>"; };
		B9094A0B21BFAA1C00FA8AC6 /* Base */ = {isa = PBXFileReference; lastKnownFileType = file.storyboard; name = Base; path = Base.lproj/LaunchScreen.storyboard; sourceTree = "<group>"; };
		B9094A0D21BFAA1C00FA8AC6 /* Info.plist */ = {isa = PBXFileReference; lastKnownFileType = text.plist.xml; path = Info.plist; sourceTree = "<group>"; };
		B9094A1321BFAA8E00FA8AC6 /* DateExtension.swift */ = {isa = PBXFileReference; lastKnownFileType = sourcecode.swift; path = DateExtension.swift; sourceTree = "<group>"; };
/* End PBXFileReference section */

/* Begin PBXFrameworksBuildPhase section */
		B90949FB21BFAA1A00FA8AC6 /* Frameworks */ = {
			isa = PBXFrameworksBuildPhase;
			buildActionMask = 2147483647;
			files = (
			);
			runOnlyForDeploymentPostprocessing = 0;
		};
/* End PBXFrameworksBuildPhase section */

/* Begin PBXGroup section */
		B90949F521BFAA1A00FA8AC6 = {
			isa = PBXGroup;
			children = (
				B9094A0021BFAA1A00FA8AC6 /* TimeZoneWork */,
				B90949FF21BFAA1A00FA8AC6 /* Products */,
			);
			sourceTree = "<group>";
		};
		B90949FF21BFAA1A00FA8AC6 /* Products */ = {
			isa = PBXGroup;
			children = (
				B90949FE21BFAA1A00FA8AC6 /* TimeZoneWork.app */,
			);
			name = Products;
			sourceTree = "<group>";
		};
		B9094A0021BFAA1A00FA8AC6 /* TimeZoneWork */ = {
			isa = PBXGroup;
			children = (
				B9094A1321BFAA8E00FA8AC6 /* DateExtension.swift */,
				B9094A0121BFAA1A00FA8AC6 /* AppDelegate.swift */,
				B9094A0321BFAA1A00FA8AC6 /* ViewController.swift */,
				B9094A0521BFAA1A00FA8AC6 /* Main.storyboard */,
				B9094A0821BFAA1C00FA8AC6 /* Assets.xcassets */,
				B9094A0A21BFAA1C00FA8AC6 /* LaunchScreen.storyboard */,
				B9094A0D21BFAA1C00FA8AC6 /* Info.plist */,
			);
			path = TimeZoneWork;
			sourceTree = "<group>";
		};
/* End PBXGroup section */

/* Begin PBXNativeTarget section */
		B90949FD21BFAA1A00FA8AC6 /* TimeZoneWork */ = {
			isa = PBXNativeTarget;
			buildConfigurationList = B9094A1021BFAA1C00FA8AC6 /* Build configuration list for PBXNativeTarget "TimeZoneWork" */;
			buildPhases = (
				B90949FA21BFAA1A00FA8AC6 /* Sources */,
				B90949FB21BFAA1A00FA8AC6 /* Frameworks */,
				B90949FC21BFAA1A00FA8AC6 /* Resources */,
			);
			buildRules = (
			);
			dependencies = (
			);
			name = TimeZoneWork;
			productName = TimeZoneWork;
			productReference = B90949FE21BFAA1A00FA8AC6 /* TimeZoneWork.app */;
			productType = "com.apple.product-type.application";
		};
/* End PBXNativeTarget section */

/* Begin PBXProject section */
		B90949F621BFAA1A00FA8AC6 /* Project object */ = {
			isa = PBXProject;
			attributes = {
				LastSwiftUpdateCheck = 1010;
				LastUpgradeCheck = 1010;
				ORGANIZATIONNAME = Chris;
				TargetAttributes = {
					B90949FD21BFAA1A00FA8AC6 = {
						CreatedOnToolsVersion = 10.1;
					};
				};
			};
			buildConfigurationList = B90949F921BFAA1A00FA8AC6 /* Build configuration list for PBXProject "TimeZoneWork" */;
			compatibilityVersion = "Xcode 9.3";
			developmentRegion = en;
			hasScannedForEncodings = 0;
			knownRegions = (
				en,
				Base,
			);
			mainGroup = B90949F521BFAA1A00FA8AC6;
			productRefGroup = B90949FF21BFAA1A00FA8AC6 /* Products */;
			projectDirPath = "";
			projectRoot = "";
			targets = (
				B90949FD21BFAA1A00FA8AC6 /* TimeZoneWork */,
			);
		};
/* End PBXProject section */

/* Begin PBXResourcesBuildPhase section */
		B90949FC21BFAA1A00FA8AC6 /* Resources */ = {
			isa = PBXResourcesBuildPhase;
			buildActionMask = 2147483647;
			files = (
				B9094A0C21BFAA1C00FA8AC6 /* LaunchScreen.storyboard in Resources */,
				B9094A0921BFAA1C00FA8AC6 /* Assets.xcassets in Resources */,
				B9094A0721BFAA1A00FA8AC6 /* Main.storyboard in Resources */,
			);
			runOnlyForDeploymentPostprocessing = 0;
		};
/* End PBXResourcesBuildPhase section */

/* Begin PBXSourcesBuildPhase section */
		B90949FA21BFAA1A00FA8AC6 /* Sources */ = {
			isa = PBXSourcesBuildPhase;
			buildActionMask = 2147483647;
			files = (
				B9094A0421BFAA1A00FA8AC6 /* ViewController.swift in Sources */,
				B9094A1421BFAA8E00FA8AC6 /* DateExtension.swift in Sources */,
				B9094A0221BFAA1A00FA8AC6 /* AppDelegate.swift in Sources */,
			);
			runOnlyForDeploymentPostprocessing = 0;
		};
/* End PBXSourcesBuildPhase section */

/* Begin PBXVariantGroup section */
		B9094A0521BFAA1A00FA8AC6 /* Main.storyboard */ = {
			isa = PBXVariantGroup;
			children = (
				B9094A0621BFAA1A00FA8AC6 /* Base */,
			);
			name = Main.storyboard;
			sourceTree = "<group>";
		};
		B9094A0A21BFAA1C00FA8AC6 /* LaunchScreen.storyboard */ = {
			isa = PBXVariantGroup;
			children = (
				B9094A0B21BFAA1C00FA8AC6 /* Base */,
			);
			name = LaunchScreen.storyboard;
			sourceTree = "<group>";
		};
/* End PBXVariantGroup section */

/* Begin XCBuildConfiguration section */
		B9094A0E21BFAA1C00FA8AC6 /* Debug */ = {
			isa = XCBuildConfiguration;
			buildSettings = {
				ALWAYS_SEARCH_USER_PATHS = NO;
				CLANG_ANALYZER_NONNULL = YES;
				CLANG_ANALYZER_NUMBER_OBJECT_CONVERSION = YES_AGGRESSIVE;
				CLANG_CXX_LANGUAGE_STANDARD = "gnu++14";
				CLANG_CXX_LIBRARY = "libc++";
				CLANG_ENABLE_MODULES = YES;
				CLANG_ENABLE_OBJC_ARC = YES;
				CLANG_ENABLE_OBJC_WEAK = YES;
				CLANG_WARN_BLOCK_CAPTURE_AUTORELEASING = YES;
				CLANG_WARN_BOOL_CONVERSION = YES;
				CLANG_WARN_COMMA = YES;
				CLANG_WARN_CONSTANT_CONVERSION = YES;
				CLANG_WARN_DEPRECATED_OBJC_IMPLEMENTATIONS = YES;
				CLANG_WARN_DIRECT_OBJC_ISA_USAGE = YES_ERROR;
				CLANG_WARN_DOCUMENTATION_COMMENTS = YES;
				CLANG_WARN_EMPTY_BODY = YES;
				CLANG_WARN_ENUM_CONVERSION = YES;
				CLANG_WARN_INFINITE_RECURSION = YES;
				CLANG_WARN_INT_CONVERSION = YES;
				CLANG_WARN_NON_LITERAL_NULL_CONVERSION = YES;
				CLANG_WARN_OBJC_IMPLICIT_RETAIN_SELF = YES;
				CLANG_WARN_OBJC_LITERAL_CONVERSION = YES;
				CLANG_WARN_OBJC_ROOT_CLASS = YES_ERROR;
				CLANG_WARN_RANGE_LOOP_ANALYSIS = YES;
				CLANG_WARN_STRICT_PROTOTYPES = YES;
				CLANG_WARN_SUSPICIOUS_MOVE = YES;
				CLANG_WARN_UNGUARDED_AVAILABILITY = YES_AGGRESSIVE;
				CLANG_WARN_UNREACHABLE_CODE = YES;
				CLANG_WARN__DUPLICATE_METHOD_MATCH = YES;
				CODE_SIGN_IDENTITY = "iPhone Developer";
				COPY_PHASE_STRIP = NO;
				DEBUG_INFORMATION_FORMAT = dwarf;
				ENABLE_STRICT_OBJC_MSGSEND = YES;
				ENABLE_TESTABILITY = YES;
				GCC_C_LANGUAGE_STANDARD = gnu11;
				GCC_DYNAMIC_NO_PIC = NO;
				GCC_NO_COMMON_BLOCKS = YES;
				GCC_OPTIMIZATION_LEVEL = 0;
				GCC_PREPROCESSOR_DEFINITIONS = (
					"DEBUG=1",
					"$(inherited)",
				);
				GCC_WARN_64_TO_32_BIT_CONVERSION = YES;
				GCC_WARN_ABOUT_RETURN_TYPE = YES_ERROR;
				GCC_WARN_UNDECLARED_SELECTOR = YES;
				GCC_WARN_UNINITIALIZED_AUTOS = YES_AGGRESSIVE;
				GCC_WARN_UNUSED_FUNCTION = YES;
				GCC_WARN_UNUSED_VARIABLE = YES;
				IPHONEOS_DEPLOYMENT_TARGET = 12.1;
				MTL_ENABLE_DEBUG_INFO = INCLUDE_SOURCE;
				MTL_FAST_MATH = YES;
				ONLY_ACTIVE_ARCH = YES;
				SDKROOT = iphoneos;
				SWIFT_ACTIVE_COMPILATION_CONDITIONS = DEBUG;
				SWIFT_OPTIMIZATION_LEVEL = "-Onone";
			};
			name = Debug;
		};
		B9094A0F21BFAA1C00FA8AC6 /* Release */ = {
			isa = XCBuildConfiguration;
			buildSettings = {
				ALWAYS_SEARCH_USER_PATHS = NO;
				CLANG_ANALYZER_NONNULL = YES;
				CLANG_ANALYZER_NUMBER_OBJECT_CONVERSION = YES_AGGRESSIVE;
				CLANG_CXX_LANGUAGE_STANDARD = "gnu++14";
				CLANG_CXX_LIBRARY = "libc++";
				CLANG_ENABLE_MODULES = YES;
				CLANG_ENABLE_OBJC_ARC = YES;
				CLANG_ENABLE_OBJC_WEAK = YES;
				CLANG_WARN_BLOCK_CAPTURE_AUTORELEASING = YES;
				CLANG_WARN_BOOL_CONVERSION = YES;
				CLANG_WARN_COMMA = YES;
				CLANG_WARN_CONSTANT_CONVERSION = YES;
				CLANG_WARN_DEPRECATED_OBJC_IMPLEMENTATIONS = YES;
				CLANG_WARN_DIRECT_OBJC_ISA_USAGE = YES_ERROR;
				CLANG_WARN_DOCUMENTATION_COMMENTS = YES;
				CLANG_WARN_EMPTY_BODY = YES;
				CLANG_WARN_ENUM_CONVERSION = YES;
				CLANG_WARN_INFINITE_RECURSION = YES;
				CLANG_WARN_INT_CONVERSION = YES;
				CLANG_WARN_NON_LITERAL_NULL_CONVERSION = YES;
				CLANG_WARN_OBJC_IMPLICIT_RETAIN_SELF = YES;
				CLANG_WARN_OBJC_LITERAL_CONVERSION = YES;
				CLANG_WARN_OBJC_ROOT_CLASS = YES_ERROR;
				CLANG_WARN_RANGE_LOOP_ANALYSIS = YES;
				CLANG_WARN_STRICT_PROTOTYPES = YES;
				CLANG_WARN_SUSPICIOUS_MOVE = YES;
				CLANG_WARN_UNGUARDED_AVAILABILITY = YES_AGGRESSIVE;
				CLANG_WARN_UNREACHABLE_CODE = YES;
				CLANG_WARN__DUPLICATE_METHOD_MATCH = YES;
				CODE_SIGN_IDENTITY = "iPhone Developer";
				COPY_PHASE_STRIP = NO;
				DEBUG_INFORMATION_FORMAT = "dwarf-with-dsym";
				ENABLE_NS_ASSERTIONS = NO;
				ENABLE_STRICT_OBJC_MSGSEND = YES;
				GCC_C_LANGUAGE_STANDARD = gnu11;
				GCC_NO_COMMON_BLOCKS = YES;
				GCC_WARN_64_TO_32_BIT_CONVERSION = YES;
				GCC_WARN_ABOUT_RETURN_TYPE = YES_ERROR;
				GCC_WARN_UNDECLARED_SELECTOR = YES;
				GCC_WARN_UNINITIALIZED_AUTOS = YES_AGGRESSIVE;
				GCC_WARN_UNUSED_FUNCTION = YES;
				GCC_WARN_UNUSED_VARIABLE = YES;
				IPHONEOS_DEPLOYMENT_TARGET = 12.1;
				MTL_ENABLE_DEBUG_INFO = NO;
				MTL_FAST_MATH = YES;
				SDKROOT = iphoneos;
				SWIFT_COMPILATION_MODE = wholemodule;
				SWIFT_OPTIMIZATION_LEVEL = "-O";
				VALIDATE_PRODUCT = YES;
			};
			name = Release;
		};
		B9094A1121BFAA1C00FA8AC6 /* Debug */ = {
			isa = XCBuildConfiguration;
			buildSettings = {
				ASSETCATALOG_COMPILER_APPICON_NAME = AppIcon;
				CODE_SIGN_STYLE = Automatic;
				DEVELOPMENT_TEAM = 37BZLLD35D;
				INFOPLIST_FILE = TimeZoneWork/Info.plist;
				LD_RUNPATH_SEARCH_PATHS = (
					"$(inherited)",
					"@executable_path/Frameworks",
				);
				PRODUCT_BUNDLE_IDENTIFIER = io.csie.chris.TimeZoneWork;
				PRODUCT_NAME = "$(TARGET_NAME)";
				SWIFT_VERSION = 4.2;
				TARGETED_DEVICE_FAMILY = "1,2";
			};
			name = Debug;
		};
		B9094A1221BFAA1C00FA8AC6 /* Release */ = {
			isa = XCBuildConfiguration;
			buildSettings = {
				ASSETCATALOG_COMPILER_APPICON_NAME = AppIcon;
				CODE_SIGN_STYLE = Automatic;
				DEVELOPMENT_TEAM = 37BZLLD35D;
				INFOPLIST_FILE = TimeZoneWork/Info.plist;
				LD_RUNPATH_SEARCH_PATHS = (
					"$(inherited)",
					"@executable_path/Frameworks",
				);
				PRODUCT_BUNDLE_IDENTIFIER = io.csie.chris.TimeZoneWork;
				PRODUCT_NAME = "$(TARGET_NAME)";
				SWIFT_VERSION = 4.2;
				TARGETED_DEVICE_FAMILY = "1,2";
			};
			name = Release;
		};
/* End XCBuildConfiguration section */

/* Begin XCConfigurationList section */
		B90949F921BFAA1A00FA8AC6 /* Build configuration list for PBXProject "TimeZoneWork" */ = {
			isa = XCConfigurationList;
			buildConfigurations = (
				B9094A0E21BFAA1C00FA8AC6 /* Debug */,
				B9094A0F21BFAA1C00FA8AC6 /* Release */,
			);
			defaultConfigurationIsVisible = 0;
			defaultConfigurationName = Release;
		};
		B9094A1021BFAA1C00FA8AC6 /* Build configuration list for PBXNativeTarget "TimeZoneWork" */ = {
			isa = XCConfigurationList;
			buildConfigurations = (
				B9094A1121BFAA1C00FA8AC6 /* Debug */,
				B9094A1221BFAA1C00FA8AC6 /* Release */,
			);
			defaultConfigurationIsVisible = 0;
			defaultConfigurationName = Release;
		};
/* End XCConfigurationList section */
	};
	rootObject = B90949F621BFAA1A00FA8AC6 /* Project object */;
}
