PODS:
  - JZCalendarWeekView (0.5.1)
  - RxCocoa (4.3.1):
    - RxSwift (~> 4.0)
  - RxSwift (4.3.1)

DEPENDENCIES:
  - JZCalendarWeekView (= 0.5.1)
  - RxCocoa (~> 4.0)
  - RxSwift (~> 4.0)

SPEC REPOS:
  https://github.com/cocoapods/specs.git:
    - JZCalendarWeekView
    - RxCocoa
    - RxSwift

SPEC CHECKSUMS:
  JZCalendarWeekView: 7e9edf336acf0b864f6d8ff01a1780eed1cc6ebc
  RxCocoa: 78763c7b07d02455598d9fc3c1ad091a28b73635
  RxSwift: fe0fd770a43acdb7d0a53da411c9b892e69bb6e4

PODFILE CHECKSUM: 4e447ababb4d76c6026da3e81adbec1c1f61724f

COCOAPODS: 1.5.3
