// !$*UTF8*$!
{
	archiveVersion = 1;
	classes = {
	};
	objectVersion = 50;
	objects = {

/* Begin PBXBuildFile section */
		B962429921AE6E5600511B39 /* AppDelegate.swift in Sources */ = {isa = PBXBuildFile; fileRef = B962429821AE6E5600511B39 /* AppDelegate.swift */; };
		B962429B21AE6E5600511B39 /* ViewController.swift in Sources */ = {isa = PBXBuildFile; fileRef = B962429A21AE6E5600511B39 /* ViewController.swift */; };
		B962429E21AE6E5600511B39 /* Main.storyboard in Resources */ = {isa = PBXBuildFile; fileRef = B962429C21AE6E5600511B39 /* Main.storyboard */; };
		B96242A021AE6E5700511B39 /* Assets.xcassets in Resources */ = {isa = PBXBuildFile; fileRef = B962429F21AE6E5700511B39 /* Assets.xcassets */; };
		B96242A321AE6E5700511B39 /* LaunchScreen.storyboard in Resources */ = {isa = PBXBuildFile; fileRef = B96242A121AE6E5700511B39 /* LaunchScreen.storyboard */; };
		B96242AF21AE945C00511B39 /* DefaultWeekView.swift in Sources */ = {isa = PBXBuildFile; fileRef = B96242AE21AE945C00511B39 /* DefaultWeekView.swift */; };
		B96242CC21AEA64F00511B39 /* Extensions.swift in Sources */ = {isa = PBXBuildFile; fileRef = B96242CB21AEA64F00511B39 /* Extensions.swift */; };
		B96242CE21AEA67200511B39 /* ToastUtil.swift in Sources */ = {isa = PBXBuildFile; fileRef = B96242CD21AEA67200511B39 /* ToastUtil.swift */; };
		B96242D421AEAAC100511B39 /* DefaultEvent.swift in Sources */ = {isa = PBXBuildFile; fileRef = B96242D321AEAAC100511B39 /* DefaultEvent.swift */; };
		B96242D621AEAB9500511B39 /* DefaultViewModel.swift in Sources */ = {isa = PBXBuildFile; fileRef = B96242D521AEAB9500511B39 /* DefaultViewModel.swift */; };
		B96242DB21AEC03200511B39 /* LongPressEventCell.xib in Resources */ = {isa = PBXBuildFile; fileRef = B96242DA21AEC03200511B39 /* LongPressEventCell.xib */; };
		B96242DD21AEC05C00511B39 /* LongPressEventCell.swift in Sources */ = {isa = PBXBuildFile; fileRef = B96242DC21AEC05C00511B39 /* LongPressEventCell.swift */; };
		B96242DF21AEC0CF00511B39 /* AllDayEvent.swift in Sources */ = {isa = PBXBuildFile; fileRef = B96242DE21AEC0CF00511B39 /* AllDayEvent.swift */; };
		B96242E221AEC1FC00511B39 /* OptionsSelectedData.swift in Sources */ = {isa = PBXBuildFile; fileRef = B96242E121AEC1FC00511B39 /* OptionsSelectedData.swift */; };
		C23CE1050C6AE30059032638 /* Pods_DragItems.framework in Frameworks */ = {isa = PBXBuildFile; fileRef = 5E27B3F9C58F8F3BBE4FA6BD /* Pods_DragItems.framework */; };
/* End PBXBuildFile section */

/* Begin PBXFileReference section */
		450C26AD8155A93A93516B5D /* Pods-DragItems.debug.xcconfig */ = {isa = PBXFileReference; includeInIndex = 1; lastKnownFileType = text.xcconfig; name = "Pods-DragItems.debug.xcconfig"; path = "Pods/Target Support Files/Pods-DragItems/Pods-DragItems.debug.xcconfig"; sourceTree = "<group>"; };
		5E27B3F9C58F8F3BBE4FA6BD /* Pods_DragItems.framework */ = {isa = PBXFileReference; explicitFileType = wrapper.framework; includeInIndex = 0; path = Pods_DragItems.framework; sourceTree = BUILT_PRODUCTS_DIR; };
		B962429521AE6E5600511B39 /* DragItems.app */ = {isa = PBXFileReference; explicitFileType = wrapper.application; includeInIndex = 0; path = DragItems.app; sourceTree = BUILT_PRODUCTS_DIR; };
		B962429821AE6E5600511B39 /* AppDelegate.swift */ = {isa = PBXFileReference; lastKnownFileType = sourcecode.swift; path = AppDelegate.swift; sourceTree = "<group>"; };
		B962429A21AE6E5600511B39 /* ViewController.swift */ = {isa = PBXFileReference; lastKnownFileType = sourcecode.swift; path = ViewController.swift; sourceTree = "<group>"; };
		B962429D21AE6E5600511B39 /* Base */ = {isa = PBXFileReference; lastKnownFileType = file.storyboard; name = Base; path = Base.lproj/Main.storyboard; sourceTree = "<group>"; };
		B962429F21AE6E5700511B39 /* Assets.xcassets */ = {isa = PBXFileReference; lastKnownFileType = folder.assetcatalog; path = Assets.xcassets; sourceTree = "<group>"; };
		B96242A221AE6E5700511B39 /* Base */ = {isa = PBXFileReference; lastKnownFileType = file.storyboard; name = Base; path = Base.lproj/LaunchScreen.storyboard; sourceTree = "<group>"; };
		B96242A421AE6E5700511B39 /* Info.plist */ = {isa = PBXFileReference; lastKnownFileType = text.plist.xml; path = Info.plist; sourceTree = "<group>"; };
		B96242AE21AE945C00511B39 /* DefaultWeekView.swift */ = {isa = PBXFileReference; lastKnownFileType = sourcecode.swift; path = DefaultWeekView.swift; sourceTree = "<group>"; };
		B96242CB21AEA64F00511B39 /* Extensions.swift */ = {isa = PBXFileReference; lastKnownFileType = sourcecode.swift; path = Extensions.swift; sourceTree = "<group>"; };
		B96242CD21AEA67200511B39 /* ToastUtil.swift */ = {isa = PBXFileReference; lastKnownFileType = sourcecode.swift; path = ToastUtil.swift; sourceTree = "<group>"; };
		B96242D321AEAAC100511B39 /* DefaultEvent.swift */ = {isa = PBXFileReference; lastKnownFileType = sourcecode.swift; path = DefaultEvent.swift; sourceTree = "<group>"; };
		B96242D521AEAB9500511B39 /* DefaultViewModel.swift */ = {isa = PBXFileReference; lastKnownFileType = sourcecode.swift; path = DefaultViewModel.swift; sourceTree = "<group>"; };
		B96242DA21AEC03200511B39 /* LongPressEventCell.xib */ = {isa = PBXFileReference; lastKnownFileType = file.xib; path = LongPressEventCell.xib; sourceTree = "<group>"; };
		B96242DC21AEC05C00511B39 /* LongPressEventCell.swift */ = {isa = PBXFileReference; lastKnownFileType = sourcecode.swift; path = LongPressEventCell.swift; sourceTree = "<group>"; };
		B96242DE21AEC0CF00511B39 /* AllDayEvent.swift */ = {isa = PBXFileReference; lastKnownFileType = sourcecode.swift; path = AllDayEvent.swift; sourceTree = "<group>"; };
		B96242E121AEC1FC00511B39 /* OptionsSelectedData.swift */ = {isa = PBXFileReference; lastKnownFileType = sourcecode.swift; path = OptionsSelectedData.swift; sourceTree = "<group>"; };
		EC2D0F5963D7DFDDC87DC3E6 /* Pods-DragItems.release.xcconfig */ = {isa = PBXFileReference; includeInIndex = 1; lastKnownFileType = text.xcconfig; name = "Pods-DragItems.release.xcconfig"; path = "Pods/Target Support Files/Pods-DragItems/Pods-DragItems.release.xcconfig"; sourceTree = "<group>"; };
/* End PBXFileReference section */

/* Begin PBXFrameworksBuildPhase section */
		B962429221AE6E5600511B39 /* Frameworks */ = {
			isa = PBXFrameworksBuildPhase;
			buildActionMask = 2147483647;
			files = (
				C23CE1050C6AE30059032638 /* Pods_DragItems.framework in Frameworks */,
			);
			runOnlyForDeploymentPostprocessing = 0;
		};
/* End PBXFrameworksBuildPhase section */

/* Begin PBXGroup section */
		5A0F335A293B90CD4A8342D7 /* Frameworks */ = {
			isa = PBXGroup;
			children = (
				5E27B3F9C58F8F3BBE4FA6BD /* Pods_DragItems.framework */,
			);
			name = Frameworks;
			sourceTree = "<group>";
		};
		B962428C21AE6E5600511B39 = {
			isa = PBXGroup;
			children = (
				B962429721AE6E5600511B39 /* DragItems */,
				B962429621AE6E5600511B39 /* Products */,
				BD58C07C16D8EE8CE68F67B6 /* Pods */,
				5A0F335A293B90CD4A8342D7 /* Frameworks */,
			);
			sourceTree = "<group>";
		};
		B962429621AE6E5600511B39 /* Products */ = {
			isa = PBXGroup;
			children = (
				B962429521AE6E5600511B39 /* DragItems.app */,
			);
			name = Products;
			sourceTree = "<group>";
		};
		B962429721AE6E5600511B39 /* DragItems */ = {
			isa = PBXGroup;
			children = (
				B96242E021AEC1BE00511B39 /* Application */,
				B96242CA21AEA63C00511B39 /* Utils */,
				B96242AD21AE944C00511B39 /* Custom */,
				B96242D521AEAB9500511B39 /* DefaultViewModel.swift */,
				B962429A21AE6E5600511B39 /* ViewController.swift */,
				B962429C21AE6E5600511B39 /* Main.storyboard */,
				B962429F21AE6E5700511B39 /* Assets.xcassets */,
				B96242A121AE6E5700511B39 /* LaunchScreen.storyboard */,
				B96242A421AE6E5700511B39 /* Info.plist */,
			);
			path = DragItems;
			sourceTree = "<group>";
		};
		B96242AD21AE944C00511B39 /* Custom */ = {
			isa = PBXGroup;
			children = (
				B96242AE21AE945C00511B39 /* DefaultWeekView.swift */,
				B96242D321AEAAC100511B39 /* DefaultEvent.swift */,
				B96242DA21AEC03200511B39 /* LongPressEventCell.xib */,
				B96242DC21AEC05C00511B39 /* LongPressEventCell.swift */,
				B96242DE21AEC0CF00511B39 /* AllDayEvent.swift */,
				B96242E121AEC1FC00511B39 /* OptionsSelectedData.swift */,
			);
			path = Custom;
			sourceTree = "<group>";
		};
		B96242CA21AEA63C00511B39 /* Utils */ = {
			isa = PBXGroup;
			children = (
				B96242CB21AEA64F00511B39 /* Extensions.swift */,
				B96242CD21AEA67200511B39 /* ToastUtil.swift */,
			);
			path = Utils;
			sourceTree = "<group>";
		};
		B96242E021AEC1BE00511B39 /* Application */ = {
			isa = PBXGroup;
			children = (
				B962429821AE6E5600511B39 /* AppDelegate.swift */,
			);
			path = Application;
			sourceTree = "<group>";
		};
		BD58C07C16D8EE8CE68F67B6 /* Pods */ = {
			isa = PBXGroup;
			children = (
				450C26AD8155A93A93516B5D /* Pods-DragItems.debug.xcconfig */,
				EC2D0F5963D7DFDDC87DC3E6 /* Pods-DragItems.release.xcconfig */,
			);
			name = Pods;
			sourceTree = "<group>";
		};
/* End PBXGroup section */

/* Begin PBXNativeTarget section */
		B962429421AE6E5600511B39 /* DragItems */ = {
			isa = PBXNativeTarget;
			buildConfigurationList = B96242A721AE6E5700511B39 /* Build configuration list for PBXNativeTarget "DragItems" */;
			buildPhases = (
				CB389CF236AFDD7687843859 /* [CP] Check Pods Manifest.lock */,
				B962429121AE6E5600511B39 /* Sources */,
				B962429221AE6E5600511B39 /* Frameworks */,
				B962429321AE6E5600511B39 /* Resources */,
				5CADDF3F9509E5F318C10D61 /* [CP] Embed Pods Frameworks */,
			);
			buildRules = (
			);
			dependencies = (
			);
			name = DragItems;
			productName = DragItems;
			productReference = B962429521AE6E5600511B39 /* DragItems.app */;
			productType = "com.apple.product-type.application";
		};
/* End PBXNativeTarget section */

/* Begin PBXProject section */
		B962428D21AE6E5600511B39 /* Project object */ = {
			isa = PBXProject;
			attributes = {
				LastSwiftUpdateCheck = 1010;
				LastUpgradeCheck = 1010;
				TargetAttributes = {
					B962429421AE6E5600511B39 = {
						CreatedOnToolsVersion = 10.1;
					};
				};
			};
			buildConfigurationList = B962429021AE6E5600511B39 /* Build configuration list for PBXProject "DragItems" */;
			compatibilityVersion = "Xcode 9.3";
			developmentRegion = en;
			hasScannedForEncodings = 0;
			knownRegions = (
				en,
				Base,
			);
			mainGroup = B962428C21AE6E5600511B39;
			productRefGroup = B962429621AE6E5600511B39 /* Products */;
			projectDirPath = "";
			projectRoot = "";
			targets = (
				B962429421AE6E5600511B39 /* DragItems */,
			);
		};
/* End PBXProject section */

/* Begin PBXResourcesBuildPhase section */
		B962429321AE6E5600511B39 /* Resources */ = {
			isa = PBXResourcesBuildPhase;
			buildActionMask = 2147483647;
			files = (
				B96242DB21AEC03200511B39 /* LongPressEventCell.xib in Resources */,
				B96242A321AE6E5700511B39 /* LaunchScreen.storyboard in Resources */,
				B96242A021AE6E5700511B39 /* Assets.xcassets in Resources */,
				B962429E21AE6E5600511B39 /* Main.storyboard in Resources */,
			);
			runOnlyForDeploymentPostprocessing = 0;
		};
/* End PBXResourcesBuildPhase section */

/* Begin PBXShellScriptBuildPhase section */
		5CADDF3F9509E5F318C10D61 /* [CP] Embed Pods Frameworks */ = {
			isa = PBXShellScriptBuildPhase;
			buildActionMask = 2147483647;
			files = (
			);
			inputFileListPaths = (
			);
			inputPaths = (
				"${SRCROOT}/Pods/Target Support Files/Pods-DragItems/Pods-DragItems-frameworks.sh",
				"${BUILT_PRODUCTS_DIR}/JZCalendarWeekView/JZCalendarWeekView.framework",
				"${BUILT_PRODUCTS_DIR}/RxCocoa/RxCocoa.framework",
				"${BUILT_PRODUCTS_DIR}/RxSwift/RxSwift.framework",
			);
			name = "[CP] Embed Pods Frameworks";
			outputFileListPaths = (
			);
			outputPaths = (
				"${TARGET_BUILD_DIR}/${FRAMEWORKS_FOLDER_PATH}/JZCalendarWeekView.framework",
				"${TARGET_BUILD_DIR}/${FRAMEWORKS_FOLDER_PATH}/RxCocoa.framework",
				"${TARGET_BUILD_DIR}/${FRAMEWORKS_FOLDER_PATH}/RxSwift.framework",
			);
			runOnlyForDeploymentPostprocessing = 0;
			shellPath = /bin/sh;
			shellScript = "\"${SRCROOT}/Pods/Target Support Files/Pods-DragItems/Pods-DragItems-frameworks.sh\"\n";
			showEnvVarsInLog = 0;
		};
		CB389CF236AFDD7687843859 /* [CP] Check Pods Manifest.lock */ = {
			isa = PBXShellScriptBuildPhase;
			buildActionMask = 2147483647;
			files = (
			);
			inputFileListPaths = (
			);
			inputPaths = (
				"${PODS_PODFILE_DIR_PATH}/Podfile.lock",
				"${PODS_ROOT}/Manifest.lock",
			);
			name = "[CP] Check Pods Manifest.lock";
			outputFileListPaths = (
			);
			outputPaths = (
				"$(DERIVED_FILE_DIR)/Pods-DragItems-checkManifestLockResult.txt",
			);
			runOnlyForDeploymentPostprocessing = 0;
			shellPath = /bin/sh;
			shellScript = "diff \"${PODS_PODFILE_DIR_PATH}/Podfile.lock\" \"${PODS_ROOT}/Manifest.lock\" > /dev/null\nif [ $? != 0 ] ; then\n    # print error to STDERR\n    echo \"error: The sandbox is not in sync with the Podfile.lock. Run 'pod install' or update your CocoaPods installation.\" >&2\n    exit 1\nfi\n# This output is used by Xcode 'outputs' to avoid re-running this script phase.\necho \"SUCCESS\" > \"${SCRIPT_OUTPUT_FILE_0}\"\n";
			showEnvVarsInLog = 0;
		};
/* End PBXShellScriptBuildPhase section */

/* Begin PBXSourcesBuildPhase section */
		B962429121AE6E5600511B39 /* Sources */ = {
			isa = PBXSourcesBuildPhase;
			buildActionMask = 2147483647;
			files = (
				B962429B21AE6E5600511B39 /* ViewController.swift in Sources */,
				B96242AF21AE945C00511B39 /* DefaultWeekView.swift in Sources */,
				B96242DD21AEC05C00511B39 /* LongPressEventCell.swift in Sources */,
				B96242DF21AEC0CF00511B39 /* AllDayEvent.swift in Sources */,
				B96242D621AEAB9500511B39 /* DefaultViewModel.swift in Sources */,
				B96242CE21AEA67200511B39 /* ToastUtil.swift in Sources */,
				B962429921AE6E5600511B39 /* AppDelegate.swift in Sources */,
				B96242E221AEC1FC00511B39 /* OptionsSelectedData.swift in Sources */,
				B96242CC21AEA64F00511B39 /* Extensions.swift in Sources */,
				B96242D421AEAAC100511B39 /* DefaultEvent.swift in Sources */,
			);
			runOnlyForDeploymentPostprocessing = 0;
		};
/* End PBXSourcesBuildPhase section */

/* Begin PBXVariantGroup section */
		B962429C21AE6E5600511B39 /* Main.storyboard */ = {
			isa = PBXVariantGroup;
			children = (
				B962429D21AE6E5600511B39 /* Base */,
			);
			name = Main.storyboard;
			sourceTree = "<group>";
		};
		B96242A121AE6E5700511B39 /* LaunchScreen.storyboard */ = {
			isa = PBXVariantGroup;
			children = (
				B96242A221AE6E5700511B39 /* Base */,
			);
			name = LaunchScreen.storyboard;
			sourceTree = "<group>";
		};
/* End PBXVariantGroup section */

/* Begin XCBuildConfiguration section */
		B96242A521AE6E5700511B39 /* Debug */ = {
			isa = XCBuildConfiguration;
			buildSettings = {
				ALWAYS_SEARCH_USER_PATHS = NO;
				CLANG_ANALYZER_NONNULL = YES;
				CLANG_ANALYZER_NUMBER_OBJECT_CONVERSION = YES_AGGRESSIVE;
				CLANG_CXX_LANGUAGE_STANDARD = "gnu++14";
				CLANG_CXX_LIBRARY = "libc++";
				CLANG_ENABLE_MODULES = YES;
				CLANG_ENABLE_OBJC_ARC = YES;
				CLANG_ENABLE_OBJC_WEAK = YES;
				CLANG_WARN_BLOCK_CAPTURE_AUTORELEASING = YES;
				CLANG_WARN_BOOL_CONVERSION = YES;
				CLANG_WARN_COMMA = YES;
				CLANG_WARN_CONSTANT_CONVERSION = YES;
				CLANG_WARN_DEPRECATED_OBJC_IMPLEMENTATIONS = YES;
				CLANG_WARN_DIRECT_OBJC_ISA_USAGE = YES_ERROR;
				CLANG_WARN_DOCUMENTATION_COMMENTS = YES;
				CLANG_WARN_EMPTY_BODY = YES;
				CLANG_WARN_ENUM_CONVERSION = YES;
				CLANG_WARN_INFINITE_RECURSION = YES;
				CLANG_WARN_INT_CONVERSION = YES;
				CLANG_WARN_NON_LITERAL_NULL_CONVERSION = YES;
				CLANG_WARN_OBJC_IMPLICIT_RETAIN_SELF = YES;
				CLANG_WARN_OBJC_LITERAL_CONVERSION = YES;
				CLANG_WARN_OBJC_ROOT_CLASS = YES_ERROR;
				CLANG_WARN_RANGE_LOOP_ANALYSIS = YES;
				CLANG_WARN_STRICT_PROTOTYPES = YES;
				CLANG_WARN_SUSPICIOUS_MOVE = YES;
				CLANG_WARN_UNGUARDED_AVAILABILITY = YES_AGGRESSIVE;
				CLANG_WARN_UNREACHABLE_CODE = YES;
				CLANG_WARN__DUPLICATE_METHOD_MATCH = YES;
				CODE_SIGN_IDENTITY = "iPhone Developer";
				COPY_PHASE_STRIP = NO;
				DEBUG_INFORMATION_FORMAT = dwarf;
				ENABLE_STRICT_OBJC_MSGSEND = YES;
				ENABLE_TESTABILITY = YES;
				GCC_C_LANGUAGE_STANDARD = gnu11;
				GCC_DYNAMIC_NO_PIC = NO;
				GCC_NO_COMMON_BLOCKS = YES;
				GCC_OPTIMIZATION_LEVEL = 0;
				GCC_PREPROCESSOR_DEFINITIONS = (
					"DEBUG=1",
					"$(inherited)",
				);
				GCC_WARN_64_TO_32_BIT_CONVERSION = YES;
				GCC_WARN_ABOUT_RETURN_TYPE = YES_ERROR;
				GCC_WARN_UNDECLARED_SELECTOR = YES;
				GCC_WARN_UNINITIALIZED_AUTOS = YES_AGGRESSIVE;
				GCC_WARN_UNUSED_FUNCTION = YES;
				GCC_WARN_UNUSED_VARIABLE = YES;
				IPHONEOS_DEPLOYMENT_TARGET = 12.1;
				MTL_ENABLE_DEBUG_INFO = INCLUDE_SOURCE;
				MTL_FAST_MATH = YES;
				ONLY_ACTIVE_ARCH = YES;
				SDKROOT = iphoneos;
				SWIFT_ACTIVE_COMPILATION_CONDITIONS = DEBUG;
				SWIFT_OPTIMIZATION_LEVEL = "-Onone";
			};
			name = Debug;
		};
		B96242A621AE6E5700511B39 /* Release */ = {
			isa = XCBuildConfiguration;
			buildSettings = {
				ALWAYS_SEARCH_USER_PATHS = NO;
				CLANG_ANALYZER_NONNULL = YES;
				CLANG_ANALYZER_NUMBER_OBJECT_CONVERSION = YES_AGGRESSIVE;
				CLANG_CXX_LANGUAGE_STANDARD = "gnu++14";
				CLANG_CXX_LIBRARY = "libc++";
				CLANG_ENABLE_MODULES = YES;
				CLANG_ENABLE_OBJC_ARC = YES;
				CLANG_ENABLE_OBJC_WEAK = YES;
				CLANG_WARN_BLOCK_CAPTURE_AUTORELEASING = YES;
				CLANG_WARN_BOOL_CONVERSION = YES;
				CLANG_WARN_COMMA = YES;
				CLANG_WARN_CONSTANT_CONVERSION = YES;
				CLANG_WARN_DEPRECATED_OBJC_IMPLEMENTATIONS = YES;
				CLANG_WARN_DIRECT_OBJC_ISA_USAGE = YES_ERROR;
				CLANG_WARN_DOCUMENTATION_COMMENTS = YES;
				CLANG_WARN_EMPTY_BODY = YES;
				CLANG_WARN_ENUM_CONVERSION = YES;
				CLANG_WARN_INFINITE_RECURSION = YES;
				CLANG_WARN_INT_CONVERSION = YES;
				CLANG_WARN_NON_LITERAL_NULL_CONVERSION = YES;
				CLANG_WARN_OBJC_IMPLICIT_RETAIN_SELF = YES;
				CLANG_WARN_OBJC_LITERAL_CONVERSION = YES;
				CLANG_WARN_OBJC_ROOT_CLASS = YES_ERROR;
				CLANG_WARN_RANGE_LOOP_ANALYSIS = YES;
				CLANG_WARN_STRICT_PROTOTYPES = YES;
				CLANG_WARN_SUSPICIOUS_MOVE = YES;
				CLANG_WARN_UNGUARDED_AVAILABILITY = YES_AGGRESSIVE;
				CLANG_WARN_UNREACHABLE_CODE = YES;
				CLANG_WARN__DUPLICATE_METHOD_MATCH = YES;
				CODE_SIGN_IDENTITY = "iPhone Developer";
				COPY_PHASE_STRIP = NO;
				DEBUG_INFORMATION_FORMAT = "dwarf-with-dsym";
				ENABLE_NS_ASSERTIONS = NO;
				ENABLE_STRICT_OBJC_MSGSEND = YES;
				GCC_C_LANGUAGE_STANDARD = gnu11;
				GCC_NO_COMMON_BLOCKS = YES;
				GCC_WARN_64_TO_32_BIT_CONVERSION = YES;
				GCC_WARN_ABOUT_RETURN_TYPE = YES_ERROR;
				GCC_WARN_UNDECLARED_SELECTOR = YES;
				GCC_WARN_UNINITIALIZED_AUTOS = YES_AGGRESSIVE;
				GCC_WARN_UNUSED_FUNCTION = YES;
				GCC_WARN_UNUSED_VARIABLE = YES;
				IPHONEOS_DEPLOYMENT_TARGET = 12.1;
				MTL_ENABLE_DEBUG_INFO = NO;
				MTL_FAST_MATH = YES;
				SDKROOT = iphoneos;
				SWIFT_COMPILATION_MODE = wholemodule;
				SWIFT_OPTIMIZATION_LEVEL = "-O";
				VALIDATE_PRODUCT = YES;
			};
			name = Release;
		};
		B96242A821AE6E5700511B39 /* Debug */ = {
			isa = XCBuildConfiguration;
			baseConfigurationReference = 450C26AD8155A93A93516B5D /* Pods-DragItems.debug.xcconfig */;
			buildSettings = {
				ASSETCATALOG_COMPILER_APPICON_NAME = AppIcon;
				CODE_SIGN_STYLE = Automatic;
				DEVELOPMENT_TEAM = 37BZLLD35D;
				INFOPLIST_FILE = DragItems/Info.plist;
				LD_RUNPATH_SEARCH_PATHS = (
					"$(inherited)",
					"@executable_path/Frameworks",
				);
				PRODUCT_BUNDLE_IDENTIFIER = io.csie.chris.DragItems;
				PRODUCT_NAME = "$(TARGET_NAME)";
				SWIFT_VERSION = 4.2;
				TARGETED_DEVICE_FAMILY = "1,2";
			};
			name = Debug;
		};
		B96242A921AE6E5700511B39 /* Release */ = {
			isa = XCBuildConfiguration;
			baseConfigurationReference = EC2D0F5963D7DFDDC87DC3E6 /* Pods-DragItems.release.xcconfig */;
			buildSettings = {
				ASSETCATALOG_COMPILER_APPICON_NAME = AppIcon;
				CODE_SIGN_STYLE = Automatic;
				DEVELOPMENT_TEAM = 37BZLLD35D;
				INFOPLIST_FILE = DragItems/Info.plist;
				LD_RUNPATH_SEARCH_PATHS = (
					"$(inherited)",
					"@executable_path/Frameworks",
				);
				PRODUCT_BUNDLE_IDENTIFIER = io.csie.chris.DragItems;
				PRODUCT_NAME = "$(TARGET_NAME)";
				SWIFT_VERSION = 4.2;
				TARGETED_DEVICE_FAMILY = "1,2";
			};
			name = Release;
		};
/* End XCBuildConfiguration section */

/* Begin XCConfigurationList section */
		B962429021AE6E5600511B39 /* Build configuration list for PBXProject "DragItems" */ = {
			isa = XCConfigurationList;
			buildConfigurations = (
				B96242A521AE6E5700511B39 /* Debug */,
				B96242A621AE6E5700511B39 /* Release */,
			);
			defaultConfigurationIsVisible = 0;
			defaultConfigurationName = Release;
		};
		B96242A721AE6E5700511B39 /* Build configuration list for PBXNativeTarget "DragItems" */ = {
			isa = XCConfigurationList;
			buildConfigurations = (
				B96242A821AE6E5700511B39 /* Debug */,
				B96242A921AE6E5700511B39 /* Release */,
			);
			defaultConfigurationIsVisible = 0;
			defaultConfigurationName = Release;
		};
/* End XCConfigurationList section */
	};
	rootObject = B962428D21AE6E5600511B39 /* Project object */;
}
